
Microsoft Visual Studio Solution File, Format Version 12.00
# Visual Studio Version 17
VisualStudioVersion = 17.5.002.0
MinimumVisualStudioVersion = 10.0.40219.1
Project("{9A19103F-16F7-4668-BE54-9A1E7A4F7556}") = "FNPCollator", "FNPCollator\FNPCollator.csproj", "{D50E0B6E-495C-4300-B206-BCCC2496F55F}"
EndProject
Global
	GlobalSection(SolutionConfigurationPlatforms) = preSolution
		Debug|Any CPU = Debug|Any CPU
		Release|Any CPU = Release|Any CPU
	EndGlobalSection
	GlobalSection(ProjectConfigurationPlatforms) = postSolution
		{D50E0B6E-495C-4300-B206-BCCC2496F55F}.Debug|Any CPU.ActiveCfg = Debug|Any CPU
		{D50E0B6E-495C-4300-B206-BCCC2496F55F}.Debug|Any CPU.Build.0 = Debug|Any CPU
		{D50E0B6E-495C-4300-B206-BCCC2496F55F}.Release|Any CPU.ActiveCfg = Release|Any CPU
		{D50E0B6E-495C-4300-B206-BCCC2496F55F}.Release|Any CPU.Build.0 = Release|Any CPU
	EndGlobalSection
	GlobalSection(SolutionProperties) = preSolution
		HideSolutionNode = FALSE
	EndGlobalSection
	GlobalSection(ExtensibilityGlobals) = postSolution
		SolutionGuid = {448039F5-A455-45F6-BC18-DE47A7D5BB0F}
	EndGlobalSection
EndGlobal
